
Microsoft Visual Studio Solution File, Format Version 12.00
# Visual Studio Version 16
VisualStudioVersion = 16.0.31624.102
MinimumVisualStudioVersion = 10.0.40219.1
Project("{2150E333-8FDC-42A3-9474-1A3956D46DE8}") = "API", "API", "{EA44FF16-938F-49F4-939B-F31823465FB9}"
EndProject
Project("{2150E333-8FDC-42A3-9474-1A3956D46DE8}") = "Database", "Database", "{305F2D51-FCD2-497F-B6FA-66DED19BC6CF}"
EndProject
Project("{2150E333-8FDC-42A3-9474-1A3956D46DE8}") = "Modules", "Modules", "{B8F5DAA6-FE60-4381-A8A9-2BE0A788701E}"
EndProject
Project("{2150E333-8FDC-42A3-9474-1A3956D46DE8}") = "CorePlatform", "CorePlatform", "{B74CF1FA-9A0B-4401-9058-12B310454EF1}"
EndProject
Project("{9A19103F-16F7-4668-BE54-9A1E7A4F7556}") = "DatabaseMigrator", "Database\DatabaseMigrator\DatabaseMigrator.csproj", "{7CC89C48-636D-4FF5-8C9F-A1FDE89AB2BA}"
EndProject
Project("{00D1A9C2-B5F0-4AF3-8072-F6C62B433612}") = "MediAR.Database", "Database\MediAR.Database\MediAR.Database.sqlproj", "{337DBEEF-24C8-45A9-982D-34139F7BBCEF}"
EndProject
Project("{9A19103F-16F7-4668-BE54-9A1E7A4F7556}") = "MediAR.Coreplatform.Domain", "Coreplatform\MediAR.Coreplatform.Domain\MediAR.Coreplatform.Domain.csproj", "{96DFDFDD-FE63-46DC-880A-2B8666F3AA08}"
EndProject
Project("{9A19103F-16F7-4668-BE54-9A1E7A4F7556}") = "MediAR.Coreplatform.Application", "Coreplatform\MediAR.Coreplatform.Application\MediAR.Coreplatform.Application.csproj", "{29CE0738-82D4-4CD9-87DF-6336ABB01F88}"
EndProject
Project("{9A19103F-16F7-4668-BE54-9A1E7A4F7556}") = "MediAR.Coreplatform.Infrastructure", "Coreplatform\MediAR.Coreplatform.Infrastructure\MediAR.Coreplatform.Infrastructure.csproj", "{148D97C2-E279-419E-8213-389DA0DBB070}"
EndProject
Project("{2150E333-8FDC-42A3-9474-1A3956D46DE8}") = "Membership", "Membership", "{96C1F3AF-B445-47D1-8D3C-3A226CBD735F}"
EndProject
Project("{9A19103F-16F7-4668-BE54-9A1E7A4F7556}") = "MediAR.Modules.Membership.Application", "Modules\Membership\MediAR.Modules.Membership.Application\MediAR.Modules.Membership.Application.csproj", "{25E80C4E-DFFA-4169-AE21-F0E802F7E728}"
EndProject
Project("{9A19103F-16F7-4668-BE54-9A1E7A4F7556}") = "MediAR.Modules.Membership.Infrastructure", "Modules\Membership\MediAR.Modules.Membership.Infrastructure\MediAR.Modules.Membership.Infrastructure.csproj", "{4F2A3C0B-BADF-44B9-B8F1-C4A0900C9F5A}"
EndProject
Project("{9A19103F-16F7-4668-BE54-9A1E7A4F7556}") = "MediAR.MainAPI", "API\MediAR.MainAPI\MediAR.MainAPI.csproj", "{85E87CD0-297C-4C2D-AD58-DFE6985148B9}"
EndProject
Project("{2150E333-8FDC-42A3-9474-1A3956D46DE8}") = "TenantManagement", "TenantManagement", "{5EA3EBF1-2A40-4BC6-BE30-C59B8047FD84}"
EndProject
Project("{FAE04EC0-301F-11D3-BF4B-00C04F79EFBC}") = "MediAR.Modules.TenantManagement.Application", "Modules\TenantManagement\MediAR.Modules.TenantManagement.Application\MediAR.Modules.TenantManagement.Application.csproj", "{A422BB4F-A692-42FB-888F-0300A3435870}"
EndProject
Project("{FAE04EC0-301F-11D3-BF4B-00C04F79EFBC}") = "MediAR.Modules.TenantManagement.Infrastructure", "Modules\TenantManagement\MediAR.Modules.TenantManagement.Infrastructure\MediAR.Modules.TenantManagement.Infrastructure.csproj", "{5B0CA3C8-1551-4F76-924D-E8CF740BFC82}"
EndProject
Global
	GlobalSection(SolutionConfigurationPlatforms) = preSolution
		Debug|Any CPU = Debug|Any CPU
		Release|Any CPU = Release|Any CPU
	EndGlobalSection
	GlobalSection(ProjectConfigurationPlatforms) = postSolution
		{7CC89C48-636D-4FF5-8C9F-A1FDE89AB2BA}.Debug|Any CPU.ActiveCfg = Debug|Any CPU
		{7CC89C48-636D-4FF5-8C9F-A1FDE89AB2BA}.Debug|Any CPU.Build.0 = Debug|Any CPU
		{7CC89C48-636D-4FF5-8C9F-A1FDE89AB2BA}.Release|Any CPU.ActiveCfg = Release|Any CPU
		{7CC89C48-636D-4FF5-8C9F-A1FDE89AB2BA}.Release|Any CPU.Build.0 = Release|Any CPU
		{337DBEEF-24C8-45A9-982D-34139F7BBCEF}.Debug|Any CPU.ActiveCfg = Debug|Any CPU
		{337DBEEF-24C8-45A9-982D-34139F7BBCEF}.Debug|Any CPU.Build.0 = Debug|Any CPU
		{337DBEEF-24C8-45A9-982D-34139F7BBCEF}.Debug|Any CPU.Deploy.0 = Debug|Any CPU
		{337DBEEF-24C8-45A9-982D-34139F7BBCEF}.Release|Any CPU.ActiveCfg = Release|Any CPU
		{337DBEEF-24C8-45A9-982D-34139F7BBCEF}.Release|Any CPU.Build.0 = Release|Any CPU
		{337DBEEF-24C8-45A9-982D-34139F7BBCEF}.Release|Any CPU.Deploy.0 = Release|Any CPU
		{96DFDFDD-FE63-46DC-880A-2B8666F3AA08}.Debug|Any CPU.ActiveCfg = Debug|Any CPU
		{96DFDFDD-FE63-46DC-880A-2B8666F3AA08}.Debug|Any CPU.Build.0 = Debug|Any CPU
		{96DFDFDD-FE63-46DC-880A-2B8666F3AA08}.Release|Any CPU.ActiveCfg = Release|Any CPU
		{96DFDFDD-FE63-46DC-880A-2B8666F3AA08}.Release|Any CPU.Build.0 = Release|Any CPU
		{29CE0738-82D4-4CD9-87DF-6336ABB01F88}.Debug|Any CPU.ActiveCfg = Debug|Any CPU
		{29CE0738-82D4-4CD9-87DF-6336ABB01F88}.Debug|Any CPU.Build.0 = Debug|Any CPU
		{29CE0738-82D4-4CD9-87DF-6336ABB01F88}.Release|Any CPU.ActiveCfg = Release|Any CPU
		{29CE0738-82D4-4CD9-87DF-6336ABB01F88}.Release|Any CPU.Build.0 = Release|Any CPU
		{148D97C2-E279-419E-8213-389DA0DBB070}.Debug|Any CPU.ActiveCfg = Debug|Any CPU
		{148D97C2-E279-419E-8213-389DA0DBB070}.Debug|Any CPU.Build.0 = Debug|Any CPU
		{148D97C2-E279-419E-8213-389DA0DBB070}.Release|Any CPU.ActiveCfg = Release|Any CPU
		{148D97C2-E279-419E-8213-389DA0DBB070}.Release|Any CPU.Build.0 = Release|Any CPU
		{25E80C4E-DFFA-4169-AE21-F0E802F7E728}.Debug|Any CPU.ActiveCfg = Debug|Any CPU
		{25E80C4E-DFFA-4169-AE21-F0E802F7E728}.Debug|Any CPU.Build.0 = Debug|Any CPU
		{25E80C4E-DFFA-4169-AE21-F0E802F7E728}.Release|Any CPU.ActiveCfg = Release|Any CPU
		{25E80C4E-DFFA-4169-AE21-F0E802F7E728}.Release|Any CPU.Build.0 = Release|Any CPU
		{4F2A3C0B-BADF-44B9-B8F1-C4A0900C9F5A}.Debug|Any CPU.ActiveCfg = Debug|Any CPU
		{4F2A3C0B-BADF-44B9-B8F1-C4A0900C9F5A}.Debug|Any CPU.Build.0 = Debug|Any CPU
		{4F2A3C0B-BADF-44B9-B8F1-C4A0900C9F5A}.Release|Any CPU.ActiveCfg = Release|Any CPU
		{4F2A3C0B-BADF-44B9-B8F1-C4A0900C9F5A}.Release|Any CPU.Build.0 = Release|Any CPU
		{85E87CD0-297C-4C2D-AD58-DFE6985148B9}.Debug|Any CPU.ActiveCfg = Debug|Any CPU
		{85E87CD0-297C-4C2D-AD58-DFE6985148B9}.Debug|Any CPU.Build.0 = Debug|Any CPU
		{85E87CD0-297C-4C2D-AD58-DFE6985148B9}.Release|Any CPU.ActiveCfg = Release|Any CPU
		{85E87CD0-297C-4C2D-AD58-DFE6985148B9}.Release|Any CPU.Build.0 = Release|Any CPU
		{A422BB4F-A692-42FB-888F-0300A3435870}.Debug|Any CPU.ActiveCfg = Debug|Any CPU
		{A422BB4F-A692-42FB-888F-0300A3435870}.Debug|Any CPU.Build.0 = Debug|Any CPU
		{A422BB4F-A692-42FB-888F-0300A3435870}.Release|Any CPU.ActiveCfg = Release|Any CPU
		{A422BB4F-A692-42FB-888F-0300A3435870}.Release|Any CPU.Build.0 = Release|Any CPU
		{5B0CA3C8-1551-4F76-924D-E8CF740BFC82}.Debug|Any CPU.ActiveCfg = Debug|Any CPU
		{5B0CA3C8-1551-4F76-924D-E8CF740BFC82}.Debug|Any CPU.Build.0 = Debug|Any CPU
		{5B0CA3C8-1551-4F76-924D-E8CF740BFC82}.Release|Any CPU.ActiveCfg = Release|Any CPU
		{5B0CA3C8-1551-4F76-924D-E8CF740BFC82}.Release|Any CPU.Build.0 = Release|Any CPU
	EndGlobalSection
	GlobalSection(SolutionProperties) = preSolution
		HideSolutionNode = FALSE
	EndGlobalSection
	GlobalSection(NestedProjects) = preSolution
		{7CC89C48-636D-4FF5-8C9F-A1FDE89AB2BA} = {305F2D51-FCD2-497F-B6FA-66DED19BC6CF}
		{337DBEEF-24C8-45A9-982D-34139F7BBCEF} = {305F2D51-FCD2-497F-B6FA-66DED19BC6CF}
		{96DFDFDD-FE63-46DC-880A-2B8666F3AA08} = {B74CF1FA-9A0B-4401-9058-12B310454EF1}
		{29CE0738-82D4-4CD9-87DF-6336ABB01F88} = {B74CF1FA-9A0B-4401-9058-12B310454EF1}
		{148D97C2-E279-419E-8213-389DA0DBB070} = {B74CF1FA-9A0B-4401-9058-12B310454EF1}
		{96C1F3AF-B445-47D1-8D3C-3A226CBD735F} = {B8F5DAA6-FE60-4381-A8A9-2BE0A788701E}
		{25E80C4E-DFFA-4169-AE21-F0E802F7E728} = {96C1F3AF-B445-47D1-8D3C-3A226CBD735F}
		{4F2A3C0B-BADF-44B9-B8F1-C4A0900C9F5A} = {96C1F3AF-B445-47D1-8D3C-3A226CBD735F}
		{85E87CD0-297C-4C2D-AD58-DFE6985148B9} = {EA44FF16-938F-49F4-939B-F31823465FB9}
		{5EA3EBF1-2A40-4BC6-BE30-C59B8047FD84} = {B8F5DAA6-FE60-4381-A8A9-2BE0A788701E}
		{A422BB4F-A692-42FB-888F-0300A3435870} = {5EA3EBF1-2A40-4BC6-BE30-C59B8047FD84}
		{5B0CA3C8-1551-4F76-924D-E8CF740BFC82} = {5EA3EBF1-2A40-4BC6-BE30-C59B8047FD84}
	EndGlobalSection
	GlobalSection(ExtensibilityGlobals) = postSolution
		SolutionGuid = {AC91CA91-5985-4450-A5AE-287888C78CF9}
	EndGlobalSection
EndGlobal
